
Microsoft Visual Studio Solution File, Format Version 12.00
# Visual Studio 14
VisualStudioVersion = 14.0.25420.1
MinimumVisualStudioVersion = 10.0.40219.1
Project("{FAE04EC0-301F-11D3-BF4B-00C04F79EFBC}") = "kyciti", "kyciti\kyciti.csproj", "{819670DC-AD17-4B57-9B3E-FCB8CC01FE51}"
EndProject
Project("{FAE04EC0-301F-11D3-BF4B-00C04F79EFBC}") = "kyciti.Tests", "kyciti.Tests\kyciti.Tests.csproj", "{73AED736-0701-477D-A2B9-F0543DF991D1}"
EndProject
Global
	GlobalSection(SolutionConfigurationPlatforms) = preSolution
		Debug|Any CPU = Debug|Any CPU
		Release|Any CPU = Release|Any CPU
	EndGlobalSection
	GlobalSection(ProjectConfigurationPlatforms) = postSolution
		{819670DC-AD17-4B57-9B3E-FCB8CC01FE51}.Debug|Any CPU.ActiveCfg = Debug|Any CPU
		{819670DC-AD17-4B57-9B3E-FCB8CC01FE51}.Debug|Any CPU.Build.0 = Debug|Any CPU
		{819670DC-AD17-4B57-9B3E-FCB8CC01FE51}.Release|Any CPU.ActiveCfg = Release|Any CPU
		{819670DC-AD17-4B57-9B3E-FCB8CC01FE51}.Release|Any CPU.Build.0 = Release|Any CPU
		{73AED736-0701-477D-A2B9-F0543DF991D1}.Debug|Any CPU.ActiveCfg = Debug|Any CPU
		{73AED736-0701-477D-A2B9-F0543DF991D1}.Debug|Any CPU.Build.0 = Debug|Any CPU
		{73AED736-0701-477D-A2B9-F0543DF991D1}.Release|Any CPU.ActiveCfg = Release|Any CPU
		{73AED736-0701-477D-A2B9-F0543DF991D1}.Release|Any CPU.Build.0 = Release|Any CPU
	EndGlobalSection
	GlobalSection(SolutionProperties) = preSolution
		HideSolutionNode = FALSE
	EndGlobalSection
EndGlobal
